
Microsoft Visual Studio Solution File, Format Version 12.00
# Visual Studio Version 16
VisualStudioVersion = 16.0.29613.14
MinimumVisualStudioVersion = 10.0.40219.1
Project("{9A19103F-16F7-4668-BE54-9A1E7A4F7556}") = "CleanArchitecture.Application", "CleanArchitecture.Application\CleanArchitecture.Application.csproj", "{72D11B99-1F6E-494F-8BE5-C046C65F14C4}"
EndProject
Project("{9A19103F-16F7-4668-BE54-9A1E7A4F7556}") = "CleanArchitecture.Core", "CleanArchitecture.Core\CleanArchitecture.Core.csproj", "{A2226F5E-FE87-4AD3-A341-39D7CFEA7EBB}"
EndProject
Project("{9A19103F-16F7-4668-BE54-9A1E7A4F7556}") = "CleanArchitecture.Infrastructure", "CleanArchitecture.Infrastructure\CleanArchitecture.Infrastructure.csproj", "{E10956C3-5201-4CE8-A79F-0435BB049B38}"
EndProject
Project("{9A19103F-16F7-4668-BE54-9A1E7A4F7556}") = "CleanArchitecture.ApiRest", "CleanArchitecture.ApiRest\CleanArchitecture.ApiRest.csproj", "{95141564-CDCA-467E-9D87-02BF1C6CF919}"
EndProject
Global
	GlobalSection(SolutionConfigurationPlatforms) = preSolution
		Debug|Any CPU = Debug|Any CPU
		Release|Any CPU = Release|Any CPU
	EndGlobalSection
	GlobalSection(ProjectConfigurationPlatforms) = postSolution
		{72D11B99-1F6E-494F-8BE5-C046C65F14C4}.Debug|Any CPU.ActiveCfg = Debug|Any CPU
		{72D11B99-1F6E-494F-8BE5-C046C65F14C4}.Debug|Any CPU.Build.0 = Debug|Any CPU
		{72D11B99-1F6E-494F-8BE5-C046C65F14C4}.Release|Any CPU.ActiveCfg = Release|Any CPU
		{72D11B99-1F6E-494F-8BE5-C046C65F14C4}.Release|Any CPU.Build.0 = Release|Any CPU
		{A2226F5E-FE87-4AD3-A341-39D7CFEA7EBB}.Debug|Any CPU.ActiveCfg = Debug|Any CPU
		{A2226F5E-FE87-4AD3-A341-39D7CFEA7EBB}.Debug|Any CPU.Build.0 = Debug|Any CPU
		{A2226F5E-FE87-4AD3-A341-39D7CFEA7EBB}.Release|Any CPU.ActiveCfg = Release|Any CPU
		{A2226F5E-FE87-4AD3-A341-39D7CFEA7EBB}.Release|Any CPU.Build.0 = Release|Any CPU
		{E10956C3-5201-4CE8-A79F-0435BB049B38}.Debug|Any CPU.ActiveCfg = Debug|Any CPU
		{E10956C3-5201-4CE8-A79F-0435BB049B38}.Debug|Any CPU.Build.0 = Debug|Any CPU
		{E10956C3-5201-4CE8-A79F-0435BB049B38}.Release|Any CPU.ActiveCfg = Release|Any CPU
		{E10956C3-5201-4CE8-A79F-0435BB049B38}.Release|Any CPU.Build.0 = Release|Any CPU
		{95141564-CDCA-467E-9D87-02BF1C6CF919}.Debug|Any CPU.ActiveCfg = Debug|Any CPU
		{95141564-CDCA-467E-9D87-02BF1C6CF919}.Debug|Any CPU.Build.0 = Debug|Any CPU
		{95141564-CDCA-467E-9D87-02BF1C6CF919}.Release|Any CPU.ActiveCfg = Release|Any CPU
		{95141564-CDCA-467E-9D87-02BF1C6CF919}.Release|Any CPU.Build.0 = Release|Any CPU
	EndGlobalSection
	GlobalSection(SolutionProperties) = preSolution
		HideSolutionNode = FALSE
	EndGlobalSection
	GlobalSection(ExtensibilityGlobals) = postSolution
		SolutionGuid = {347DA30B-527E-498E-8270-745120A0CA13}
	EndGlobalSection
EndGlobal
